{
  "nodes": {
    "finix": {
      "locked": {
        "lastModified": 1776763205,
        "narHash": "sha256-WPYuyd3yFD5lO+wi9Dse3ruQ7Zn2CtCI4X+2fQ1Im40=",
        "owner": "finix-community",
        "repo": "finix",
        "rev": "f17ab1b95958a5b6c5d64e14991811ab78e8e2f3",
        "type": "github"
      },
      "original": {
        "owner": "finix-community",
        "repo": "finix",
        "type": "github"
      }
    },
    "nixpkgs": {
      "locked": {
        "lastModified": 1776548001,
        "narHash": "sha256-ZSK0NL4a1BwVbbTBoSnWgbJy9HeZFXLYQizjb2DPF24=",
        "owner": "nixos",
        "repo": "nixpkgs",
        "rev": "b12141ef619e0a9c1c84dc8c684040326f27cdcc",
        "type": "github"
      },
      "original": {
        "owner": "nixos",
        "ref": "nixos-unstable",
        "repo": "nixpkgs",
        "type": "github"
      }
    },
    "root": {
      "inputs": {
        "finix": "finix",
        "nixpkgs": "nixpkgs"
      }
    }
  },
  "root": "root",
  "version": 7
}
